<Solution>
  <Configurations>
    <BuildType Name="Debug" />
    <BuildType Name="Debug-net461" />
    <BuildType Name="Debug-netstandard2.0" />
    <BuildType Name="Release" />
  </Configurations>
  <Folder Name="/Messaging/">
    <Project Path="Messaging/Xamarin.Messaging.Build/Xamarin.Messaging.Build.csproj">
      <BuildType Solution="Debug-net461|*" Project="Debug" />
      <BuildType Solution="Debug-netstandard2.0|*" Project="Debug" />
    </Project>
  </Folder>
  <Folder Name="/tests/">
    <Project Path="../tests/msbuild/Xamarin.MacDev.Tasks.Tests/Xamarin.MacDev.Tasks.Tests.csproj">
      <BuildType Solution="Debug-net461|*" Project="Debug-netstandard2.0" />
    </Project>
    <Project Path="../tests/msbuild/Xamarin.MacDev.Tests/Xamarin.MacDev.Tests.csproj">
      <BuildType Solution="Debug-net461|*" Project="Debug" />
      <BuildType Solution="Debug-netstandard2.0|*" Project="Debug" />
    </Project>
  </Folder>
  <Project Path="../external/Xamarin.MacDev/Xamarin.MacDev/Xamarin.MacDev.csproj">
    <BuildType Solution="Debug-net461|*" Project="Debug" />
    <BuildType Solution="Debug-netstandard2.0|*" Project="Debug" />
  </Project>
  <Project Path="Xamarin.iOS.Tasks.Windows/Xamarin.iOS.Tasks.Windows.csproj">
    <BuildType Solution="Debug-net461|*" Project="Debug" />
    <BuildType Solution="Debug-netstandard2.0|*" Project="Debug" />
  </Project>
  <Project Path="Xamarin.Localization.MSBuild/Xamarin.Localization.MSBuild.csproj">
    <BuildType Solution="Debug-net461|*" Project="Debug" />
    <BuildType Solution="Debug-netstandard2.0|*" Project="Debug" />
  </Project>
  <Project Path="Xamarin.MacDev.Tasks/Xamarin.MacDev.Tasks.csproj">
    <BuildType Solution="Debug-net461|*" Project="Debug" />
    <BuildType Solution="Debug-netstandard2.0|*" Project="Debug" />
  </Project>
  <Properties Name="MonoDevelopProperties">
    <Property Name="$0.CSharpFormattingPolicy" Value="$2" />
    <Property Name="$0.TextStylePolicy" Value="$1" />
    <Property Name="$1.FileWidth" Value="80" />
    <Property Name="$1.IndentWidth" Value="8" />
    <Property Name="$1.scope" Value="text/x-csharp" />
    <Property Name="$1.TabWidth" Value="8" />
    <Property Name="$2.IndentSwitchSection" Value="False" />
    <Property Name="$2.NewLineForCatch" Value="False" />
    <Property Name="$2.NewLineForClausesInQuery" Value="False" />
    <Property Name="$2.NewLineForElse" Value="False" />
    <Property Name="$2.NewLineForFinally" Value="False" />
    <Property Name="$2.NewLineForMembersInAnonymousTypes" Value="False" />
    <Property Name="$2.NewLineForMembersInObjectInit" Value="False" />
    <Property Name="$2.NewLinesForBracesInAccessors" Value="False" />
    <Property Name="$2.NewLinesForBracesInAnonymousMethods" Value="False" />
    <Property Name="$2.NewLinesForBracesInAnonymousTypes" Value="False" />
    <Property Name="$2.NewLinesForBracesInControlBlocks" Value="False" />
    <Property Name="$2.NewLinesForBracesInLambdaExpressionBody" Value="False" />
    <Property Name="$2.NewLinesForBracesInObjectCollectionArrayInitializers" Value="False" />
    <Property Name="$2.NewLinesForBracesInProperties" Value="False" />
    <Property Name="$2.NewLinesForBracesInTypes" Value="False" />
    <Property Name="$2.scope" Value="text/x-csharp" />
    <Property Name="$2.SpaceAfterCast" Value="True" />
    <Property Name="$2.SpaceAfterMethodCallName" Value="True" />
    <Property Name="$2.SpaceBeforeOpenSquareBracket" Value="True" />
    <Property Name="$2.SpacingAfterMethodDeclarationName" Value="True" />
    <Property Name="Policies" Value="$0" />
  </Properties>
</Solution>
